
Microsoft Visual Studio Solution File, Format Version 12.00
# Visual Studio 15
VisualStudioVersion = 15.0.28307.271
MinimumVisualStudioVersion = 10.0.40219.1
Project("{2150E333-8FDC-42A3-9474-1A3956D46DE8}") = "src", "src", "{1DB44A7D-3A1F-46D3-A8CD-433801FF75E4}"
EndProject
Project("{2150E333-8FDC-42A3-9474-1A3956D46DE8}") = "test", "test", "{336C698D-0BC5-4C46-B8EA-9AF1BCFA6822}"
EndProject
Project("{FAE04EC0-301F-11D3-BF4B-00C04F79EFBC}") = "SuperBear.RabbitMq", "src\SuperBear.RabbitMq\SuperBear.RabbitMq.csproj", "{D958BB5F-CB41-4136-AFAC-B95F79DB75BD}"
EndProject
Project("{FAE04EC0-301F-11D3-BF4B-00C04F79EFBC}") = "Console.Test", "test\Console.Test\Console.Test.csproj", "{576D9890-DE5E-4F86-A601-994798EE601E}"
EndProject
Global
	GlobalSection(SolutionConfigurationPlatforms) = preSolution
		Debug|Any CPU = Debug|Any CPU
		Release|Any CPU = Release|Any CPU
	EndGlobalSection
	GlobalSection(ProjectConfigurationPlatforms) = postSolution
		{D958BB5F-CB41-4136-AFAC-B95F79DB75BD}.Debug|Any CPU.ActiveCfg = Debug|Any CPU
		{D958BB5F-CB41-4136-AFAC-B95F79DB75BD}.Debug|Any CPU.Build.0 = Debug|Any CPU
		{D958BB5F-CB41-4136-AFAC-B95F79DB75BD}.Release|Any CPU.ActiveCfg = Release|Any CPU
		{D958BB5F-CB41-4136-AFAC-B95F79DB75BD}.Release|Any CPU.Build.0 = Release|Any CPU
		{576D9890-DE5E-4F86-A601-994798EE601E}.Debug|Any CPU.ActiveCfg = Debug|Any CPU
		{576D9890-DE5E-4F86-A601-994798EE601E}.Debug|Any CPU.Build.0 = Debug|Any CPU
		{576D9890-DE5E-4F86-A601-994798EE601E}.Release|Any CPU.ActiveCfg = Release|Any CPU
		{576D9890-DE5E-4F86-A601-994798EE601E}.Release|Any CPU.Build.0 = Release|Any CPU
	EndGlobalSection
	GlobalSection(SolutionProperties) = preSolution
		HideSolutionNode = FALSE
	EndGlobalSection
	GlobalSection(NestedProjects) = preSolution
		{D958BB5F-CB41-4136-AFAC-B95F79DB75BD} = {1DB44A7D-3A1F-46D3-A8CD-433801FF75E4}
		{576D9890-DE5E-4F86-A601-994798EE601E} = {336C698D-0BC5-4C46-B8EA-9AF1BCFA6822}
	EndGlobalSection
	GlobalSection(ExtensibilityGlobals) = postSolution
		SolutionGuid = {52281F8E-20C2-4085-9473-250EF5AADFAD}
	EndGlobalSection
EndGlobal
